
Microsoft Visual Studio Solution File, Format Version 12.00
# Visual Studio Version 17
VisualStudioVersion = 17.0.31903.59
MinimumVisualStudioVersion = 10.0.40219.1
Project("{2150E333-8FDC-42A3-9474-1A3956D46DE8}") = "csharp", "csharp", "{B41BF331-FCCB-2ADF-CDB6-767964B34647}"
EndProject
Project("{FAE04EC0-301F-11D3-BF4B-00C04F79EFBC}") = "PaChat.Server", "csharp\PaChat.Server\PaChat.Server.csproj", "{6940A643-5688-415B-BAB7-961797D5730C}"
EndProject
Project("{FAE04EC0-301F-11D3-BF4B-00C04F79EFBC}") = "PaChat.Client", "csharp\PaChat.Client\PaChat.Client.csproj", "{10C44BE3-87F4-4BB5-8D0F-19D65DCB1E85}"
EndProject
Global
	GlobalSection(SolutionConfigurationPlatforms) = preSolution
		Debug|Any CPU = Debug|Any CPU
		Debug|x64 = Debug|x64
		Debug|x86 = Debug|x86
		Release|Any CPU = Release|Any CPU
		Release|x64 = Release|x64
		Release|x86 = Release|x86
	EndGlobalSection
	GlobalSection(ProjectConfigurationPlatforms) = postSolution
		{6940A643-5688-415B-BAB7-961797D5730C}.Debug|Any CPU.ActiveCfg = Debug|Any CPU
		{6940A643-5688-415B-BAB7-961797D5730C}.Debug|Any CPU.Build.0 = Debug|Any CPU
		{6940A643-5688-415B-BAB7-961797D5730C}.Debug|x64.ActiveCfg = Debug|Any CPU
		{6940A643-5688-415B-BAB7-961797D5730C}.Debug|x64.Build.0 = Debug|Any CPU
		{6940A643-5688-415B-BAB7-961797D5730C}.Debug|x86.ActiveCfg = Debug|Any CPU
		{6940A643-5688-415B-BAB7-961797D5730C}.Debug|x86.Build.0 = Debug|Any CPU
		{6940A643-5688-415B-BAB7-961797D5730C}.Release|Any CPU.ActiveCfg = Release|Any CPU
		{6940A643-5688-415B-BAB7-961797D5730C}.Release|Any CPU.Build.0 = Release|Any CPU
		{6940A643-5688-415B-BAB7-961797D5730C}.Release|x64.ActiveCfg = Release|Any CPU
		{6940A643-5688-415B-BAB7-961797D5730C}.Release|x64.Build.0 = Release|Any CPU
		{6940A643-5688-415B-BAB7-961797D5730C}.Release|x86.ActiveCfg = Release|Any CPU
		{6940A643-5688-415B-BAB7-961797D5730C}.Release|x86.Build.0 = Release|Any CPU
		{10C44BE3-87F4-4BB5-8D0F-19D65DCB1E85}.Debug|Any CPU.ActiveCfg = Debug|Any CPU
		{10C44BE3-87F4-4BB5-8D0F-19D65DCB1E85}.Debug|Any CPU.Build.0 = Debug|Any CPU
		{10C44BE3-87F4-4BB5-8D0F-19D65DCB1E85}.Debug|x64.ActiveCfg = Debug|Any CPU
		{10C44BE3-87F4-4BB5-8D0F-19D65DCB1E85}.Debug|x64.Build.0 = Debug|Any CPU
		{10C44BE3-87F4-4BB5-8D0F-19D65DCB1E85}.Debug|x86.ActiveCfg = Debug|Any CPU
		{10C44BE3-87F4-4BB5-8D0F-19D65DCB1E85}.Debug|x86.Build.0 = Debug|Any CPU
		{10C44BE3-87F4-4BB5-8D0F-19D65DCB1E85}.Release|Any CPU.ActiveCfg = Release|Any CPU
		{10C44BE3-87F4-4BB5-8D0F-19D65DCB1E85}.Release|Any CPU.Build.0 = Release|Any CPU
		{10C44BE3-87F4-4BB5-8D0F-19D65DCB1E85}.Release|x64.ActiveCfg = Release|Any CPU
		{10C44BE3-87F4-4BB5-8D0F-19D65DCB1E85}.Release|x64.Build.0 = Release|Any CPU
		{10C44BE3-87F4-4BB5-8D0F-19D65DCB1E85}.Release|x86.ActiveCfg = Release|Any CPU
		{10C44BE3-87F4-4BB5-8D0F-19D65DCB1E85}.Release|x86.Build.0 = Release|Any CPU
	EndGlobalSection
	GlobalSection(SolutionProperties) = preSolution
		HideSolutionNode = FALSE
	EndGlobalSection
	GlobalSection(NestedProjects) = preSolution
		{6940A643-5688-415B-BAB7-961797D5730C} = {B41BF331-FCCB-2ADF-CDB6-767964B34647}
		{10C44BE3-87F4-4BB5-8D0F-19D65DCB1E85} = {B41BF331-FCCB-2ADF-CDB6-767964B34647}
	EndGlobalSection
EndGlobal
